# This file is automatically @generated by Poetry 1.5.1 and should not be changed by hand.

[[package]]
name = "attrs"
version = "22.2.0"
description = "Classes Without Boilerplate"
optional = false
python-versions = ">=3.6"
files = [
    {file = "attrs-22.2.0-py3-none-any.whl", hash = "sha256:29e95c7f6778868dbd49170f98f8818f78f3dc5e0e37c0b1f474e3561b240836"},
    {file = "attrs-22.2.0.tar.gz", hash = "sha256:c9227bfc2f01993c03f68db37d1d15c9690188323c067c641f1a35ca58185f99"},
]

[package.extras]
cov = ["attrs[tests]", "coverage-enable-subprocess", "coverage[toml] (>=5.3)"]
dev = ["attrs[docs,tests]"]
docs = ["furo", "myst-parser", "sphinx", "sphinx-notfound-page", "sphinxcontrib-towncrier", "towncrier", "zope.interface"]
tests = ["attrs[tests-no-zope]", "zope.interface"]
tests-no-zope = ["cloudpickle", "cloudpickle", "hypothesis", "hypothesis", "mypy (>=0.971,<0.990)", "mypy (>=0.971,<0.990)", "pympler", "pympler", "pytest (>=4.3.0)", "pytest (>=4.3.0)", "pytest-mypy-plugins", "pytest-mypy-plugins", "pytest-xdist[psutil]", "pytest-xdist[psutil]"]

[[package]]
name = "cattrs"
version = "22.2.0"
description = "Composable complex class support for attrs and dataclasses."
optional = false
python-versions = ">=3.7"
files = [
    {file = "cattrs-22.2.0-py3-none-any.whl", hash = "sha256:bc12b1f0d000b9f9bee83335887d532a1d3e99a833d1bf0882151c97d3e68c21"},
    {file = "cattrs-22.2.0.tar.gz", hash = "sha256:f0eed5642399423cf656e7b66ce92cdc5b963ecafd041d1b24d136fdde7acf6d"},
]

[package.dependencies]
attrs = ">=20"
exceptiongroup = {version = "*", markers = "python_version < \"3.11\""}
typing_extensions = {version = "*", markers = "python_version < \"3.8\""}

[[package]]
name = "exceptiongroup"
version = "1.1.0"
description = "Backport of PEP 654 (exception groups)"
optional = false
python-versions = ">=3.7"
files = [
    {file = "exceptiongroup-1.1.0-py3-none-any.whl", hash = "sha256:327cbda3da756e2de031a3107b81ab7b3770a602c4d16ca618298c526f4bec1e"},
    {file = "exceptiongroup-1.1.0.tar.gz", hash = "sha256:bcb67d800a4497e1b404c2dd44fca47d3b7a5e5433dbab67f96c1a685cdfdf23"},
]

[package.extras]
test = ["pytest (>=6)"]

[[package]]
name = "lsprotocol"
version = "2023.0.0a1"
description = "Python implementation of the Language Server Protocol."
optional = false
python-versions = ">=3.7"
files = [
    {file = "lsprotocol-2023.0.0a1-py3-none-any.whl", hash = "sha256:133c339a7cccb299a5b357f9b8ef6aebe27616e0daf4ba54e63476afe0e12e47"},
    {file = "lsprotocol-2023.0.0a1.tar.gz", hash = "sha256:32edfd4856abba1349bf5a070567445b3d7286951afba3644b472629796f82d0"},
]

[package.dependencies]
attrs = "*"
cattrs = "*"

[[package]]
name = "pygls"
version = "1.0.1"
description = "a pythonic generic language server (pronounced like \"pie glass\")."
optional = false
python-versions = "<4,>=3.7"
files = [
    {file = "pygls-1.0.1-py3-none-any.whl", hash = "sha256:adacc96da77598c70f46acfdfd1481d3da90cd54f639f7eee52eb6e4dbd57b55"},
    {file = "pygls-1.0.1.tar.gz", hash = "sha256:f3ee98ddbb4690eb5c755bc32ba7e129607f14cbd313575f33d0cea443b78cb2"},
]

[package.dependencies]
lsprotocol = "*"
typeguard = ">=2.10.0,<3"

[package.extras]
dev = ["bandit (==1.7.4)", "flake8 (==4.0.1)", "mypy (==0.961)"]
docs = ["sphinx (==5.0.1)", "sphinx-rtd-theme (==1.0.0)"]
test = ["mock (==4.0.3)", "pytest (==7.1.2)", "pytest-asyncio (==0.18.3)"]
ws = ["websockets (==10.*)"]

[[package]]
name = "ruff"
version = "0.0.272"
description = "An extremely fast Python linter, written in Rust."
optional = false
python-versions = ">=3.7"
files = [
    {file = "ruff-0.0.272-py3-none-macosx_10_7_x86_64.whl", hash = "sha256:ae9b57546e118660175d45d264b87e9b4c19405c75b587b6e4d21e6a17bf4fdf"},
    {file = "ruff-0.0.272-py3-none-macosx_10_9_x86_64.macosx_11_0_arm64.macosx_10_9_universal2.whl", hash = "sha256:1609b864a8d7ee75a8c07578bdea0a7db75a144404e75ef3162e0042bfdc100d"},
    {file = "ruff-0.0.272-py3-none-manylinux_2_17_aarch64.manylinux2014_aarch64.whl", hash = "sha256:ee76b4f05fcfff37bd6ac209d1370520d509ea70b5a637bdf0a04d0c99e13dff"},
    {file = "ruff-0.0.272-py3-none-manylinux_2_17_armv7l.manylinux2014_armv7l.whl", hash = "sha256:48eccf225615e106341a641f826b15224b8a4240b84269ead62f0afd6d7e2d95"},
    {file = "ruff-0.0.272-py3-none-manylinux_2_17_i686.manylinux2014_i686.whl", hash = "sha256:677284430ac539bb23421a2b431b4ebc588097ef3ef918d0e0a8d8ed31fea216"},
    {file = "ruff-0.0.272-py3-none-manylinux_2_17_ppc64.manylinux2014_ppc64.whl", hash = "sha256:9c4bfb75456a8e1efe14c52fcefb89cfb8f2a0d31ed8d804b82c6cf2dc29c42c"},
    {file = "ruff-0.0.272-py3-none-manylinux_2_17_ppc64le.manylinux2014_ppc64le.whl", hash = "sha256:86bc788245361a8148ff98667da938a01e1606b28a45e50ac977b09d3ad2c538"},
    {file = "ruff-0.0.272-py3-none-manylinux_2_17_s390x.manylinux2014_s390x.whl", hash = "sha256:27b2ea68d2aa69fff1b20b67636b1e3e22a6a39e476c880da1282c3e4bf6ee5a"},
    {file = "ruff-0.0.272-py3-none-manylinux_2_17_x86_64.manylinux2014_x86_64.whl", hash = "sha256:bd2bbe337a3f84958f796c77820d55ac2db1e6753f39d1d1baed44e07f13f96d"},
    {file = "ruff-0.0.272-py3-none-musllinux_1_2_aarch64.whl", hash = "sha256:d5a208f8ef0e51d4746930589f54f9f92f84bb69a7d15b1de34ce80a7681bc00"},
    {file = "ruff-0.0.272-py3-none-musllinux_1_2_armv7l.whl", hash = "sha256:905ff8f3d6206ad56fcd70674453527b9011c8b0dc73ead27618426feff6908e"},
    {file = "ruff-0.0.272-py3-none-musllinux_1_2_i686.whl", hash = "sha256:19643d448f76b1eb8a764719072e9c885968971bfba872e14e7257e08bc2f2b7"},
    {file = "ruff-0.0.272-py3-none-musllinux_1_2_x86_64.whl", hash = "sha256:691d72a00a99707a4e0b2846690961157aef7b17b6b884f6b4420a9f25cd39b5"},
    {file = "ruff-0.0.272-py3-none-win32.whl", hash = "sha256:dc406e5d756d932da95f3af082814d2467943631a587339ee65e5a4f4fbe83eb"},
    {file = "ruff-0.0.272-py3-none-win_amd64.whl", hash = "sha256:a37ec80e238ead2969b746d7d1b6b0d31aa799498e9ba4281ab505b93e1f4b28"},
    {file = "ruff-0.0.272-py3-none-win_arm64.whl", hash = "sha256:06b8ee4eb8711ab119db51028dd9f5384b44728c23586424fd6e241a5b9c4a3b"},
    {file = "ruff-0.0.272.tar.gz", hash = "sha256:273a01dc8c3c4fd4c2af7ea7a67c8d39bb09bce466e640dd170034da75d14cab"},
]

[[package]]
name = "ruff-lsp"
version = "0.0.32"
description = "A Language Server Protocol implementation for Ruff."
optional = false
python-versions = ">=3.7"
files = [
    {file = "ruff_lsp-0.0.32-py3-none-any.whl", hash = "sha256:97998969c47db41c025fc9f7fd7eff6eb06437fe61d478bbd3aa611b8e6b977e"},
    {file = "ruff_lsp-0.0.32.tar.gz", hash = "sha256:9faf486e6f921698c49303e86002715669a0b6b461cd68743cb7d17be88bc5da"},
]

[package.dependencies]
lsprotocol = ">=2023.0.0a1"
pygls = ">=1.0.1"
ruff = ">=0.0.272"
typing-extensions = "*"

[package.extras]
dev = ["black (==23.3.0)", "mypy (==1.3.0)", "pip-tools (>=6.13.0,<7.0.0)", "pytest (>=7.3.1,<8.0.0)", "pytest-asyncio (==0.21.0)", "python-lsp-jsonrpc (==1.0.0)"]

[[package]]
name = "typeguard"
version = "2.13.3"
description = "Run-time type checker for Python"
optional = false
python-versions = ">=3.5.3"
files = [
    {file = "typeguard-2.13.3-py3-none-any.whl", hash = "sha256:5e3e3be01e887e7eafae5af63d1f36c849aaa94e3a0112097312aabfa16284f1"},
    {file = "typeguard-2.13.3.tar.gz", hash = "sha256:00edaa8da3a133674796cf5ea87d9f4b4c367d77476e185e80251cc13dfbb8c4"},
]

[package.extras]
doc = ["sphinx-autodoc-typehints (>=1.2.0)", "sphinx-rtd-theme"]
test = ["mypy", "pytest", "typing-extensions"]

[[package]]
name = "typing-extensions"
version = "4.4.0"
description = "Backported and Experimental Type Hints for Python 3.7+"
optional = false
python-versions = ">=3.7"
files = [
    {file = "typing_extensions-4.4.0-py3-none-any.whl", hash = "sha256:16fa4864408f655d35ec496218b85f79b3437c829e93320c7c9215ccfd92489e"},
    {file = "typing_extensions-4.4.0.tar.gz", hash = "sha256:1511434bb92bf8dd198c12b1cc812e800d4181cfcb867674e0f8279cc93087aa"},
]

[metadata]
lock-version = "2.0"
python-versions = ">=3.7,<3.12"
content-hash = "a4f0888b95e203b934a864a964446eb8615fec20aa01fa1bafeeb73ccaa357b2"
