# This file is automatically @generated by Poetry 1.4.2 and should not be changed by hand.

[[package]]
name = "attrs"
version = "22.2.0"
description = "Classes Without Boilerplate"
category = "main"
optional = false
python-versions = ">=3.6"
files = [
    {file = "attrs-22.2.0-py3-none-any.whl", hash = "sha256:29e95c7f6778868dbd49170f98f8818f78f3dc5e0e37c0b1f474e3561b240836"},
    {file = "attrs-22.2.0.tar.gz", hash = "sha256:c9227bfc2f01993c03f68db37d1d15c9690188323c067c641f1a35ca58185f99"},
]

[package.extras]
cov = ["attrs[tests]", "coverage-enable-subprocess", "coverage[toml] (>=5.3)"]
dev = ["attrs[docs,tests]"]
docs = ["furo", "myst-parser", "sphinx", "sphinx-notfound-page", "sphinxcontrib-towncrier", "towncrier", "zope.interface"]
tests = ["attrs[tests-no-zope]", "zope.interface"]
tests-no-zope = ["cloudpickle", "cloudpickle", "hypothesis", "hypothesis", "mypy (>=0.971,<0.990)", "mypy (>=0.971,<0.990)", "pympler", "pympler", "pytest (>=4.3.0)", "pytest (>=4.3.0)", "pytest-mypy-plugins", "pytest-mypy-plugins", "pytest-xdist[psutil]", "pytest-xdist[psutil]"]

[[package]]
name = "cattrs"
version = "22.2.0"
description = "Composable complex class support for attrs and dataclasses."
category = "main"
optional = false
python-versions = ">=3.7"
files = [
    {file = "cattrs-22.2.0-py3-none-any.whl", hash = "sha256:bc12b1f0d000b9f9bee83335887d532a1d3e99a833d1bf0882151c97d3e68c21"},
    {file = "cattrs-22.2.0.tar.gz", hash = "sha256:f0eed5642399423cf656e7b66ce92cdc5b963ecafd041d1b24d136fdde7acf6d"},
]

[package.dependencies]
attrs = ">=20"
exceptiongroup = {version = "*", markers = "python_version < \"3.11\""}
typing_extensions = {version = "*", markers = "python_version < \"3.8\""}

[[package]]
name = "exceptiongroup"
version = "1.1.0"
description = "Backport of PEP 654 (exception groups)"
category = "main"
optional = false
python-versions = ">=3.7"
files = [
    {file = "exceptiongroup-1.1.0-py3-none-any.whl", hash = "sha256:327cbda3da756e2de031a3107b81ab7b3770a602c4d16ca618298c526f4bec1e"},
    {file = "exceptiongroup-1.1.0.tar.gz", hash = "sha256:bcb67d800a4497e1b404c2dd44fca47d3b7a5e5433dbab67f96c1a685cdfdf23"},
]

[package.extras]
test = ["pytest (>=6)"]

[[package]]
name = "lsprotocol"
version = "2023.0.0a1"
description = "Python implementation of the Language Server Protocol."
category = "main"
optional = false
python-versions = ">=3.7"
files = [
    {file = "lsprotocol-2023.0.0a1-py3-none-any.whl", hash = "sha256:133c339a7cccb299a5b357f9b8ef6aebe27616e0daf4ba54e63476afe0e12e47"},
    {file = "lsprotocol-2023.0.0a1.tar.gz", hash = "sha256:32edfd4856abba1349bf5a070567445b3d7286951afba3644b472629796f82d0"},
]

[package.dependencies]
attrs = "*"
cattrs = "*"

[[package]]
name = "pygls"
version = "1.0.1"
description = "a pythonic generic language server (pronounced like \"pie glass\")."
category = "main"
optional = false
python-versions = "<4,>=3.7"
files = [
    {file = "pygls-1.0.1-py3-none-any.whl", hash = "sha256:adacc96da77598c70f46acfdfd1481d3da90cd54f639f7eee52eb6e4dbd57b55"},
    {file = "pygls-1.0.1.tar.gz", hash = "sha256:f3ee98ddbb4690eb5c755bc32ba7e129607f14cbd313575f33d0cea443b78cb2"},
]

[package.dependencies]
lsprotocol = "*"
typeguard = ">=2.10.0,<3"

[package.extras]
dev = ["bandit (==1.7.4)", "flake8 (==4.0.1)", "mypy (==0.961)"]
docs = ["sphinx (==5.0.1)", "sphinx-rtd-theme (==1.0.0)"]
test = ["mock (==4.0.3)", "pytest (==7.1.2)", "pytest-asyncio (==0.18.3)"]
ws = ["websockets (>=10.0.0,<11.0.0)"]

[[package]]
name = "ruff"
version = "0.0.267"
description = "An extremely fast Python linter, written in Rust."
category = "main"
optional = false
python-versions = ">=3.7"
files = [
    {file = "ruff-0.0.267-py3-none-macosx_10_7_x86_64.whl", hash = "sha256:4adbbbe314d8fcc539a245065bad89446a3cef2e0c9cf70bf7bb9ed6fe31856d"},
    {file = "ruff-0.0.267-py3-none-macosx_10_9_x86_64.macosx_11_0_arm64.macosx_10_9_universal2.whl", hash = "sha256:67254ae34c38cba109fdc52e4a70887de1f850fb3971e5eeef343db67305d1c1"},
    {file = "ruff-0.0.267-py3-none-manylinux_2_17_aarch64.manylinux2014_aarch64.whl", hash = "sha256:bbe104f21a429b77eb5ac276bd5352fd8c0e1fbb580b4c772f77ee8c76825654"},
    {file = "ruff-0.0.267-py3-none-manylinux_2_17_armv7l.manylinux2014_armv7l.whl", hash = "sha256:db33deef2a5e1cf528ca51cc59dd764122a48a19a6c776283b223d147041153f"},
    {file = "ruff-0.0.267-py3-none-manylinux_2_17_i686.manylinux2014_i686.whl", hash = "sha256:9adf1307fa9d840d1acaa477eb04f9702032a483214c409fca9dc46f5f157fe3"},
    {file = "ruff-0.0.267-py3-none-manylinux_2_17_ppc64.manylinux2014_ppc64.whl", hash = "sha256:0afca3633c8e2b6c0a48ad0061180b641b3b404d68d7e6736aab301c8024c424"},
    {file = "ruff-0.0.267-py3-none-manylinux_2_17_ppc64le.manylinux2014_ppc64le.whl", hash = "sha256:2972241065b1c911bce3db808837ed10f4f6f8a8e15520a4242d291083605ab6"},
    {file = "ruff-0.0.267-py3-none-manylinux_2_17_s390x.manylinux2014_s390x.whl", hash = "sha256:f731d81cb939e757b0335b0090f18ca2e9ff8bcc8e6a1cf909245958949b6e11"},
    {file = "ruff-0.0.267-py3-none-manylinux_2_17_x86_64.manylinux2014_x86_64.whl", hash = "sha256:20c594eb56c19063ef5a57f89340e64c6550e169d6a29408a45130a8c3068adc"},
    {file = "ruff-0.0.267-py3-none-musllinux_1_2_aarch64.whl", hash = "sha256:45d61a2b01bdf61581a2ee039503a08aa603dc74a6bbe6fb5d1ce3052f5370e5"},
    {file = "ruff-0.0.267-py3-none-musllinux_1_2_armv7l.whl", hash = "sha256:2107cec3699ca4d7bd41543dc1d475c97ae3a21ea9212238b5c2088fa8ee7722"},
    {file = "ruff-0.0.267-py3-none-musllinux_1_2_i686.whl", hash = "sha256:786de30723c71fc46b80a173c3313fc0dbe73c96bd9da8dd1212cbc2f84cdfb2"},
    {file = "ruff-0.0.267-py3-none-musllinux_1_2_x86_64.whl", hash = "sha256:5a898953949e37c109dd242cfcf9841e065319995ebb7cdfd213b446094a942f"},
    {file = "ruff-0.0.267-py3-none-win32.whl", hash = "sha256:d12ab329474c46b96d962e2bdb92e3ad2144981fe41b89c7770f370646c0101f"},
    {file = "ruff-0.0.267-py3-none-win_amd64.whl", hash = "sha256:d09aecc9f5845586ba90911d815f9772c5a6dcf2e34be58c6017ecb124534ac4"},
    {file = "ruff-0.0.267-py3-none-win_arm64.whl", hash = "sha256:7df7eb5f8d791566ba97cc0b144981b9c080a5b861abaf4bb35a26c8a77b83e9"},
    {file = "ruff-0.0.267.tar.gz", hash = "sha256:632cec7bbaf3c06fcf0a72a1dd029b7d8b7f424ba95a574aaa135f5d20a00af7"},
]

[[package]]
name = "ruff-lsp"
version = "0.0.27"
description = "A Language Server Protocol implementation for Ruff."
category = "main"
optional = false
python-versions = ">=3.7"
files = [
    {file = "ruff_lsp-0.0.27-py3-none-any.whl", hash = "sha256:6337b719d5a003f8313dc1f5a5f6736d552f91df0d8789444279a697946ca7cc"},
    {file = "ruff_lsp-0.0.27.tar.gz", hash = "sha256:329e4f5fced415400397f20dc59a6d4ec1d407136969246a76c3e044d9cb09a4"},
]

[package.dependencies]
lsprotocol = ">=2023.0.0a1"
pygls = ">=1.0.1"
ruff = ">=0.0.267"
typing-extensions = "*"

[package.extras]
dev = ["black (==22.12.0)", "mypy (==1.3.0)", "python-lsp-jsonrpc (==1.0.0)"]

[[package]]
name = "typeguard"
version = "2.13.3"
description = "Run-time type checker for Python"
category = "main"
optional = false
python-versions = ">=3.5.3"
files = [
    {file = "typeguard-2.13.3-py3-none-any.whl", hash = "sha256:5e3e3be01e887e7eafae5af63d1f36c849aaa94e3a0112097312aabfa16284f1"},
    {file = "typeguard-2.13.3.tar.gz", hash = "sha256:00edaa8da3a133674796cf5ea87d9f4b4c367d77476e185e80251cc13dfbb8c4"},
]

[package.extras]
doc = ["sphinx-autodoc-typehints (>=1.2.0)", "sphinx-rtd-theme"]
test = ["mypy", "pytest", "typing-extensions"]

[[package]]
name = "typing-extensions"
version = "4.4.0"
description = "Backported and Experimental Type Hints for Python 3.7+"
category = "main"
optional = false
python-versions = ">=3.7"
files = [
    {file = "typing_extensions-4.4.0-py3-none-any.whl", hash = "sha256:16fa4864408f655d35ec496218b85f79b3437c829e93320c7c9215ccfd92489e"},
    {file = "typing_extensions-4.4.0.tar.gz", hash = "sha256:1511434bb92bf8dd198c12b1cc812e800d4181cfcb867674e0f8279cc93087aa"},
]

[metadata]
lock-version = "2.0"
python-versions = ">=3.7,<3.12"
content-hash = "e6d7bc7b50f4767ceb71f77b3d51298799a134b424d58434ae452bc98c546ff2"
