# This file is automatically @generated by Poetry and should not be changed by hand.

[[package]]
name = "attrs"
version = "22.2.0"
description = "Classes Without Boilerplate"
category = "main"
optional = false
python-versions = ">=3.6"
files = [
    {file = "attrs-22.2.0-py3-none-any.whl", hash = "sha256:29e95c7f6778868dbd49170f98f8818f78f3dc5e0e37c0b1f474e3561b240836"},
    {file = "attrs-22.2.0.tar.gz", hash = "sha256:c9227bfc2f01993c03f68db37d1d15c9690188323c067c641f1a35ca58185f99"},
]

[package.extras]
cov = ["attrs[tests]", "coverage-enable-subprocess", "coverage[toml] (>=5.3)"]
dev = ["attrs[docs,tests]"]
docs = ["furo", "myst-parser", "sphinx", "sphinx-notfound-page", "sphinxcontrib-towncrier", "towncrier", "zope.interface"]
tests = ["attrs[tests-no-zope]", "zope.interface"]
tests-no-zope = ["cloudpickle", "cloudpickle", "hypothesis", "hypothesis", "mypy (>=0.971,<0.990)", "mypy (>=0.971,<0.990)", "pympler", "pympler", "pytest (>=4.3.0)", "pytest (>=4.3.0)", "pytest-mypy-plugins", "pytest-mypy-plugins", "pytest-xdist[psutil]", "pytest-xdist[psutil]"]

[[package]]
name = "cattrs"
version = "22.2.0"
description = "Composable complex class support for attrs and dataclasses."
category = "main"
optional = false
python-versions = ">=3.7"
files = [
    {file = "cattrs-22.2.0-py3-none-any.whl", hash = "sha256:bc12b1f0d000b9f9bee83335887d532a1d3e99a833d1bf0882151c97d3e68c21"},
    {file = "cattrs-22.2.0.tar.gz", hash = "sha256:f0eed5642399423cf656e7b66ce92cdc5b963ecafd041d1b24d136fdde7acf6d"},
]

[package.dependencies]
attrs = ">=20"
exceptiongroup = {version = "*", markers = "python_version < \"3.11\""}
typing_extensions = {version = "*", markers = "python_version < \"3.8\""}

[[package]]
name = "exceptiongroup"
version = "1.1.0"
description = "Backport of PEP 654 (exception groups)"
category = "main"
optional = false
python-versions = ">=3.7"
files = [
    {file = "exceptiongroup-1.1.0-py3-none-any.whl", hash = "sha256:327cbda3da756e2de031a3107b81ab7b3770a602c4d16ca618298c526f4bec1e"},
    {file = "exceptiongroup-1.1.0.tar.gz", hash = "sha256:bcb67d800a4497e1b404c2dd44fca47d3b7a5e5433dbab67f96c1a685cdfdf23"},
]

[package.extras]
test = ["pytest (>=6)"]

[[package]]
name = "lsprotocol"
version = "2022.0.0a10"
description = "Python implementation of the Language Server Protocol."
category = "main"
optional = false
python-versions = ">=3.7"
files = [
    {file = "lsprotocol-2022.0.0a10-py3-none-any.whl", hash = "sha256:ef516aec43c2b3c8debc06e84558ea9a64c36d635422d1614fd7fd2a45b1d291"},
    {file = "lsprotocol-2022.0.0a10.tar.gz", hash = "sha256:2cd78770b7a4ec979f3ee3761265effd50ea0f5e858ce21bf2fba972e1783c50"},
]

[package.dependencies]
attrs = "*"
cattrs = "*"

[[package]]
name = "pygls"
version = "1.0.0"
description = "a pythonic generic language server (pronounced like \"pie glass\")."
category = "main"
optional = false
python-versions = "<3.12,>=3.7"
files = [
    {file = "pygls-1.0.0-py3-none-any.whl", hash = "sha256:3414594ac29ff3ab990f004c675d1077e4e2659eae5cc3ae67cc6fa4d861e342"},
    {file = "pygls-1.0.0.tar.gz", hash = "sha256:c2a1c22e30028f7ca9d3f0a04da8eef29f0f1701bdbd97d8614d8e1e6711f336"},
]

[package.dependencies]
lsprotocol = "*"
typeguard = ">=2.10.0,<3"

[package.extras]
dev = ["bandit (==1.7.4)", "flake8 (==4.0.1)", "mypy (==0.961)"]
docs = ["sphinx (==5.0.1)", "sphinx-rtd-theme (==1.0.0)"]
test = ["mock (==4.0.3)", "pytest (==7.1.2)", "pytest-asyncio (==0.18.3)"]
ws = ["websockets (>=10.0.0,<11.0.0)"]

[[package]]
name = "ruff"
version = "0.0.243"
description = "An extremely fast Python linter, written in Rust."
category = "main"
optional = false
python-versions = ">=3.7"
files = [
    {file = "ruff-0.0.243-py3-none-macosx_10_7_x86_64.whl", hash = "sha256:242571d79d3d7a1e441e88b0cf2814b24bfc4e3a073e5d82df81aa52ad829e4c"},
    {file = "ruff-0.0.243-py3-none-macosx_10_9_x86_64.macosx_11_0_arm64.macosx_10_9_universal2.whl", hash = "sha256:4fd0ef0dddd7ccce6457cca556baf51504c11f7deaaa5944a47c5e0c6c3b1425"},
    {file = "ruff-0.0.243-py3-none-manylinux_2_17_aarch64.manylinux2014_aarch64.whl", hash = "sha256:a9e2e6632e2d07e6e7257a44592e0fade0d5df23004a3b180efd0d3bbb581a09"},
    {file = "ruff-0.0.243-py3-none-manylinux_2_17_armv7l.manylinux2014_armv7l.whl", hash = "sha256:9a70c7810453f6c5120887fc22fcbcf8a4987e767f45270a9aad5e6e9b0a26ff"},
    {file = "ruff-0.0.243-py3-none-manylinux_2_17_i686.manylinux2014_i686.whl", hash = "sha256:0cb8ef4a5cbb219ed344286b07795c0b88f277bc860207e0a6bce0fd8e4c5f8e"},
    {file = "ruff-0.0.243-py3-none-manylinux_2_17_ppc64.manylinux2014_ppc64.whl", hash = "sha256:f75c11940cc6b374ba070b5dc154c85c2b8753d03cbb53f182438404bae52d31"},
    {file = "ruff-0.0.243-py3-none-manylinux_2_17_ppc64le.manylinux2014_ppc64le.whl", hash = "sha256:919075726724d62b60caedd286317ca0c77cb67ba4291b9067feafdac2506872"},
    {file = "ruff-0.0.243-py3-none-manylinux_2_17_s390x.manylinux2014_s390x.whl", hash = "sha256:a0f5bdb14a2a2f9a63f6f0979fb0501e426e2bd8e6499ade41e1311b379a4d92"},
    {file = "ruff-0.0.243-py3-none-manylinux_2_17_x86_64.manylinux2014_x86_64.whl", hash = "sha256:b8ffdbf62d72db5ab5d3b51abe5b4dfb53cf3f330af7f57e0101f36ff7176449"},
    {file = "ruff-0.0.243-py3-none-musllinux_1_2_aarch64.whl", hash = "sha256:081b70f1dd2d16d9f60079cf95215d9095ca16032c02118cfc88b0b53e406b9c"},
    {file = "ruff-0.0.243-py3-none-musllinux_1_2_armv7l.whl", hash = "sha256:d8f1d26c0a3b51a4b5c493c29536112c61ec6ff7a66c5b673b2af37b7859d6f1"},
    {file = "ruff-0.0.243-py3-none-musllinux_1_2_i686.whl", hash = "sha256:5f432e745f6b38e2a643ae9c05ae30345196a435a23d844b61a50d1808acba82"},
    {file = "ruff-0.0.243-py3-none-musllinux_1_2_x86_64.whl", hash = "sha256:f38b6b6470b468271e283ecc7bc169465b3f3cdb6df199abe69aff0c3c17c756"},
    {file = "ruff-0.0.243-py3-none-win32.whl", hash = "sha256:2707e2c32ace855afad3e06bddf2280d1fc15e303dea2de3ccd0e308a5b395ae"},
    {file = "ruff-0.0.243-py3-none-win_amd64.whl", hash = "sha256:be44aff098fd424b9a9218eedef80d7125222ea86c3cd62e15f6f587455c99f3"},
    {file = "ruff-0.0.243.tar.gz", hash = "sha256:d5847e75038b51801f45b31a93c3526114d3aac59acea3493bb06ebc7783b004"},
]

[[package]]
name = "ruff-lsp"
version = "0.0.17"
description = "A Language Server Protocol implementation for Ruff."
category = "main"
optional = false
python-versions = ">=3.7"
files = [
    {file = "ruff_lsp-0.0.17-py3-none-any.whl", hash = "sha256:b2cb2ec2d57fda92e587beedc0edcef9f46ee8078f738d12b27ea09acea3b023"},
    {file = "ruff_lsp-0.0.17.tar.gz", hash = "sha256:e7128884bcf4eb2d42c4b86d26950e85ca01ec73a2e6614428835c819b3876c5"},
]

[package.dependencies]
pygls = ">=1.0.0a3"
ruff = ">=0.0.150"
typing-extensions = "*"

[package.extras]
dev = ["black (==22.12.0)", "mypy (==0.991)", "python-lsp-jsonrpc (==1.0.0)"]

[[package]]
name = "typeguard"
version = "2.13.3"
description = "Run-time type checker for Python"
category = "main"
optional = false
python-versions = ">=3.5.3"
files = [
    {file = "typeguard-2.13.3-py3-none-any.whl", hash = "sha256:5e3e3be01e887e7eafae5af63d1f36c849aaa94e3a0112097312aabfa16284f1"},
    {file = "typeguard-2.13.3.tar.gz", hash = "sha256:00edaa8da3a133674796cf5ea87d9f4b4c367d77476e185e80251cc13dfbb8c4"},
]

[package.extras]
doc = ["sphinx-autodoc-typehints (>=1.2.0)", "sphinx-rtd-theme"]
test = ["mypy", "pytest", "typing-extensions"]

[[package]]
name = "typing-extensions"
version = "4.4.0"
description = "Backported and Experimental Type Hints for Python 3.7+"
category = "main"
optional = false
python-versions = ">=3.7"
files = [
    {file = "typing_extensions-4.4.0-py3-none-any.whl", hash = "sha256:16fa4864408f655d35ec496218b85f79b3437c829e93320c7c9215ccfd92489e"},
    {file = "typing_extensions-4.4.0.tar.gz", hash = "sha256:1511434bb92bf8dd198c12b1cc812e800d4181cfcb867674e0f8279cc93087aa"},
]

[metadata]
lock-version = "2.0"
python-versions = ">=3.7,<3.12"
content-hash = "b85c9fe57022fc0a7976b3df887b35b629be7d20def387b1bc8014410b2fa642"
